
Microsoft Visual Studio Solution File, Format Version 12.00
# Visual Studio 15
VisualStudioVersion = 15.0.27428.2011
MinimumVisualStudioVersion = 10.0.40219.1
Project("{FAE04EC0-301F-11D3-BF4B-00C04F79EFBC}") = "WpfApp1", "WpfApp1\WpfApp1.csproj", "{E8134853-4ED5-4ACC-A197-0C35318B8837}"
EndProject
Project("{FAE04EC0-301F-11D3-BF4B-00C04F79EFBC}") = "Delegaty", "Delegaty\Delegaty.csproj", "{84543BF2-1DA3-4B9C-B182-733FBF4CCB38}"
EndProject
Global
	GlobalSection(SolutionConfigurationPlatforms) = preSolution
		Debug|Any CPU = Debug|Any CPU
		Release|Any CPU = Release|Any CPU
	EndGlobalSection
	GlobalSection(ProjectConfigurationPlatforms) = postSolution
		{E8134853-4ED5-4ACC-A197-0C35318B8837}.Debug|Any CPU.ActiveCfg = Debug|Any CPU
		{E8134853-4ED5-4ACC-A197-0C35318B8837}.Debug|Any CPU.Build.0 = Debug|Any CPU
		{E8134853-4ED5-4ACC-A197-0C35318B8837}.Release|Any CPU.ActiveCfg = Release|Any CPU
		{E8134853-4ED5-4ACC-A197-0C35318B8837}.Release|Any CPU.Build.0 = Release|Any CPU
		{84543BF2-1DA3-4B9C-B182-733FBF4CCB38}.Debug|Any CPU.ActiveCfg = Debug|Any CPU
		{84543BF2-1DA3-4B9C-B182-733FBF4CCB38}.Debug|Any CPU.Build.0 = Debug|Any CPU
		{84543BF2-1DA3-4B9C-B182-733FBF4CCB38}.Release|Any CPU.ActiveCfg = Release|Any CPU
		{84543BF2-1DA3-4B9C-B182-733FBF4CCB38}.Release|Any CPU.Build.0 = Release|Any CPU
	EndGlobalSection
	GlobalSection(SolutionProperties) = preSolution
		HideSolutionNode = FALSE
	EndGlobalSection
	GlobalSection(ExtensibilityGlobals) = postSolution
		SolutionGuid = {9CFDDD0C-9394-4F7C-B2AB-5D5504FF3C9C}
	EndGlobalSection
EndGlobal
